
Microsoft Visual Studio Solution File, Format Version 12.00
# Visual Studio Version 17
VisualStudioVersion = 17.8.34322.80
MinimumVisualStudioVersion = 10.0.40219.1
Project("{FAE04EC0-301F-11D3-BF4B-00C04F79EFBC}") = "CSharpClicker.Web", "CSharpClicker.Web.csproj", "{1226D847-9819-415E-9B3B-840492DA5B86}"
EndProject
Global
	GlobalSection(SolutionConfigurationPlatforms) = preSolution
		Debug|Any CPU = Debug|Any CPU
		Release|Any CPU = Release|Any CPU
	EndGlobalSection
	GlobalSection(ProjectConfigurationPlatforms) = postSolution
		{1226D847-9819-415E-9B3B-840492DA5B86}.Debug|Any CPU.ActiveCfg = Debug|Any CPU
		{1226D847-9819-415E-9B3B-840492DA5B86}.Debug|Any CPU.Build.0 = Debug|Any CPU
		{1226D847-9819-415E-9B3B-840492DA5B86}.Release|Any CPU.ActiveCfg = Release|Any CPU
		{1226D847-9819-415E-9B3B-840492DA5B86}.Release|Any CPU.Build.0 = Release|Any CPU
	EndGlobalSection
	GlobalSection(SolutionProperties) = preSolution
		HideSolutionNode = FALSE
	EndGlobalSection
	GlobalSection(ExtensibilityGlobals) = postSolution
		SolutionGuid = {317C5459-1039-41E4-AE0E-4E06AB31E713}
	EndGlobalSection
EndGlobal
